
Microsoft Visual Studio Solution File, Format Version 12.00
# Visual Studio 15
VisualStudioVersion = 15.0.27004.2009
MinimumVisualStudioVersion = 10.0.40219.1
Project("{8BC9CEB8-8B4A-11D0-8D11-00A0C91BC942}") = "RSA", "RSA\RSA.vcxproj", "{62F5DEAF-4E81-415E-9312-EAA02A5524DD}"
EndProject
Project("{8BC9CEB8-8B4A-11D0-8D11-00A0C91BC942}") = "DES", "DES\DES.vcxproj", "{AD2FB688-0BEE-4568-A817-C0B6FEEA2635}"
EndProject
Global
	GlobalSection(SolutionConfigurationPlatforms) = preSolution
		Debug|Any CPU = Debug|Any CPU
		Debug|x64 = Debug|x64
		Debug|x86 = Debug|x86
		Release|Any CPU = Release|Any CPU
		Release|x64 = Release|x64
		Release|x86 = Release|x86
	EndGlobalSection
	GlobalSection(ProjectConfigurationPlatforms) = postSolution
		{62F5DEAF-4E81-415E-9312-EAA02A5524DD}.Debug|Any CPU.ActiveCfg = Debug|Win32
		{62F5DEAF-4E81-415E-9312-EAA02A5524DD}.Debug|x64.ActiveCfg = Debug|x64
		{62F5DEAF-4E81-415E-9312-EAA02A5524DD}.Debug|x64.Build.0 = Debug|x64
		{62F5DEAF-4E81-415E-9312-EAA02A5524DD}.Debug|x86.ActiveCfg = Debug|Win32
		{62F5DEAF-4E81-415E-9312-EAA02A5524DD}.Debug|x86.Build.0 = Debug|Win32
		{62F5DEAF-4E81-415E-9312-EAA02A5524DD}.Release|Any CPU.ActiveCfg = Release|Win32
		{62F5DEAF-4E81-415E-9312-EAA02A5524DD}.Release|x64.ActiveCfg = Release|x64
		{62F5DEAF-4E81-415E-9312-EAA02A5524DD}.Release|x64.Build.0 = Release|x64
		{62F5DEAF-4E81-415E-9312-EAA02A5524DD}.Release|x86.ActiveCfg = Release|Win32
		{62F5DEAF-4E81-415E-9312-EAA02A5524DD}.Release|x86.Build.0 = Release|Win32
		{AD2FB688-0BEE-4568-A817-C0B6FEEA2635}.Debug|Any CPU.ActiveCfg = Debug|Win32
		{AD2FB688-0BEE-4568-A817-C0B6FEEA2635}.Debug|x64.ActiveCfg = Debug|x64
		{AD2FB688-0BEE-4568-A817-C0B6FEEA2635}.Debug|x64.Build.0 = Debug|x64
		{AD2FB688-0BEE-4568-A817-C0B6FEEA2635}.Debug|x86.ActiveCfg = Debug|Win32
		{AD2FB688-0BEE-4568-A817-C0B6FEEA2635}.Debug|x86.Build.0 = Debug|Win32
		{AD2FB688-0BEE-4568-A817-C0B6FEEA2635}.Release|Any CPU.ActiveCfg = Release|Win32
		{AD2FB688-0BEE-4568-A817-C0B6FEEA2635}.Release|x64.ActiveCfg = Release|x64
		{AD2FB688-0BEE-4568-A817-C0B6FEEA2635}.Release|x64.Build.0 = Release|x64
		{AD2FB688-0BEE-4568-A817-C0B6FEEA2635}.Release|x86.ActiveCfg = Release|Win32
		{AD2FB688-0BEE-4568-A817-C0B6FEEA2635}.Release|x86.Build.0 = Release|Win32
	EndGlobalSection
	GlobalSection(SolutionProperties) = preSolution
		HideSolutionNode = FALSE
	EndGlobalSection
	GlobalSection(ExtensibilityGlobals) = postSolution
		SolutionGuid = {7FEFA80C-A9F2-4B1A-B29F-BDB374D2FEC4}
	EndGlobalSection
EndGlobal
